<?xml version="1.0" encoding="utf-8"?>
<Project ToolsVersion="4.0" xmlns="http://schemas.microsoft.com/developer/msbuild/2003">
  <ItemGroup>
    <Filter Include="Source Files">
      <UniqueIdentifier>{4FC737F1-C7A5-4376-A066-2A32D752A2FF}</UniqueIdentifier>
      <Extensions>cpp;c;cc;cxx;c++;cppm;ixx;def;odl;idl;hpj;bat;asm;asmx</Extensions>
    </Filter>
    <Filter Include="Header Files">
      <UniqueIdentifier>{93995380-89BD-4b04-88EB-625FBE52EBFB}</UniqueIdentifier>
      <Extensions>h;hh;hpp;hxx;h++;hm;inl;inc;ipp;xsd</Extensions>
    </Filter>
    <Filter Include="Resource Files">
      <UniqueIdentifier>{67DA6AB6-F800-4c08-8B7A-83BB121AAD01}</UniqueIdentifier>
      <Extensions>rc;ico;cur;bmp;dlg;rc2;rct;bin;rgs;gif;jpg;jpeg;jpe;resx;tiff;tif;png;wav;mfcribbon-ms</Extensions>
    </Filter>
    <Filter Include="Header Files\Tools">
      <UniqueIdentifier>{82f4ccb4-308f-46c4-a2ad-8408adad51b6}</UniqueIdentifier>
    </Filter>
    <Filter Include="Source Files\Tools">
      <UniqueIdentifier>{62d76340-d9c6-4232-8ac9-65d89c3440c9}</UniqueIdentifier>
    </Filter>
    <Filter Include="Source Files\Scripts">
      <UniqueIdentifier>{e37e80b6-29e9-4538-8d78-61e07d474bc9}</UniqueIdentifier>
    </Filter>
    <Filter Include="Header Files\Scripts">
      <UniqueIdentifier>{316e150a-276c-4abf-9a14-45c6a94266b2}</UniqueIdentifier>
    </Filter>
    <Filter Include="Header Files\Marcros">
      <UniqueIdentifier>{ee489c53-898f-4d6d-9542-c3c7d635e1d7}</UniqueIdentifier>
    </Filter>
    <Filter Include="Source Files\Macros">
      <UniqueIdentifier>{38a71fb0-3ce4-4ec0-a357-5066319bfd02}</UniqueIdentifier>
    </Filter>
    <Filter Include="Header Files\Test">
      <UniqueIdentifier>{39a358dd-4650-4b36-b007-0f89a7122763}</UniqueIdentifier>
    </Filter>
    <Filter Include="Source Files\ArchiveUtils">
      <UniqueIdentifier>{6d6eb119-1d54-45a7-9872-f618214c0484}</UniqueIdentifier>
    </Filter>
    <Filter Include="Header Files\ArchiveUtils">
      <UniqueIdentifier>{b806d45a-5990-4162-ae48-98ec31304dc8}</UniqueIdentifier>
    </Filter>
    <Filter Include="Source Files\Test">
      <UniqueIdentifier>{24106cfc-bdca-416e-b973-7000f62298e5}</UniqueIdentifier>
    </Filter>
    <Filter Include="Source Files\ProcessingUtility">
      <UniqueIdentifier>{e05caa58-c92a-4030-96bf-28b6d2698013}</UniqueIdentifier>
    </Filter>
    <Filter Include="Header Files\ProcessingUtility">
      <UniqueIdentifier>{a39d6335-dfe4-458c-b176-a34d3ff28f3e}</UniqueIdentifier>
    </Filter>
  </ItemGroup>
  <ItemGroup>
    <ClCompile Include="OpenVDB_Voxel.cpp">
      <Filter>Source Files</Filter>
    </ClCompile>
    <ClCompile Include="Tools.cpp">
      <Filter>Source Files\Tools</Filter>
    </ClCompile>
    <ClCompile Include="MeshDataHandling.cpp">
      <Filter>Source Files\Tools</Filter>
    </ClCompile>
    <ClCompile Include="Scripts.cpp">
      <Filter>Source Files\Scripts</Filter>
    </ClCompile>
    <ClCompile Include="DatasetToVoxel.cpp">
      <Filter>Source Files\Scripts</Filter>
    </ClCompile>
    <ClCompile Include="DL_Preprocessing.cpp">
      <Filter>Source Files\Tools</Filter>
    </ClCompile>
    <ClCompile Include="GetABCStatistics.cpp">
      <Filter>Source Files\Scripts</Filter>
    </ClCompile>
    <ClCompile Include="LOG.cpp">
      <Filter>Source Files\Macros</Filter>
    </ClCompile>
    <ClCompile Include="NoiseOnMesh.cpp">
      <Filter>Source Files\Tools</Filter>
    </ClCompile>
    <ClCompile Include="IO_Test.cpp">
      <Filter>Source Files\Test</Filter>
    </ClCompile>
    <ClCompile Include="zlibFunctions.cpp">
      <Filter>Source Files\ArchiveUtils</Filter>
    </ClCompile>
    <ClCompile Include="GenericDirectoryProcess.cpp">
      <Filter>Source Files\ProcessingUtility</Filter>
    </ClCompile>
    <ClCompile Include="ProcessChildren.cpp">
      <Filter>Source Files\ProcessingUtility</Filter>
    </ClCompile>
    <ClCompile Include="ABCProcessing.cpp">
      <Filter>Source Files\ProcessingUtility</Filter>
    </ClCompile>
  </ItemGroup>
  <ItemGroup>
    <ClInclude Include="Tools.h">
      <Filter>Header Files\Tools</Filter>
    </ClInclude>
    <ClInclude Include="MyTypes.h">
      <Filter>Header Files\Tools</Filter>
    </ClInclude>
    <ClInclude Include="MeshDataHandling.h">
      <Filter>Header Files\Tools</Filter>
    </ClInclude>
    <ClInclude Include="Scripts.h">
      <Filter>Header Files\Scripts</Filter>
    </ClInclude>
    <ClInclude Include="DatasetToVoxel.h">
      <Filter>Header Files\Scripts</Filter>
    </ClInclude>
    <ClInclude Include="DL_Preprocessing.h">
      <Filter>Header Files\Tools</Filter>
    </ClInclude>
    <ClInclude Include="GetABCStatistics.h">
      <Filter>Header Files\Scripts</Filter>
    </ClInclude>
    <ClInclude Include="LOG.h">
      <Filter>Header Files\Marcros</Filter>
    </ClInclude>
    <ClInclude Include="NoiseOnMesh.h">
      <Filter>Header Files\Tools</Filter>
    </ClInclude>
    <ClInclude Include="IO_Test.h">
      <Filter>Header Files\Test</Filter>
    </ClInclude>
    <ClInclude Include="zlibFunction.h">
      <Filter>Header Files\ArchiveUtils</Filter>
    </ClInclude>
    <ClInclude Include="GenericDirectoryProcess.h">
      <Filter>Header Files\ProcessingUtility</Filter>
    </ClInclude>
    <ClInclude Include="ProcessChildren.h">
      <Filter>Header Files\ProcessingUtility</Filter>
    </ClInclude>
    <ClInclude Include="ABCProcessing.h">
      <Filter>Header Files\ProcessingUtility</Filter>
    </ClInclude>
  </ItemGroup>
</Project>